
Microsoft Visual Studio Solution File, Format Version 12.00
# Visual Studio Version 16
VisualStudioVersion = 16.0.31402.337
MinimumVisualStudioVersion = 10.0.40219.1
Project("{F184B08F-C81C-45F6-A57F-5ABD9991F28F}") = "Ejemplo01_13Septiembre", "Ejemplo01_13Septiembre\Ejemplo01_13Septiembre.vbproj", "{9B0755BA-02C6-4785-9113-887F932B2D04}"
EndProject
Global
	GlobalSection(SolutionConfigurationPlatforms) = preSolution
		Debug|Any CPU = Debug|Any CPU
		Release|Any CPU = Release|Any CPU
	EndGlobalSection
	GlobalSection(ProjectConfigurationPlatforms) = postSolution
		{9B0755BA-02C6-4785-9113-887F932B2D04}.Debug|Any CPU.ActiveCfg = Debug|Any CPU
		{9B0755BA-02C6-4785-9113-887F932B2D04}.Debug|Any CPU.Build.0 = Debug|Any CPU
		{9B0755BA-02C6-4785-9113-887F932B2D04}.Release|Any CPU.ActiveCfg = Release|Any CPU
		{9B0755BA-02C6-4785-9113-887F932B2D04}.Release|Any CPU.Build.0 = Release|Any CPU
	EndGlobalSection
	GlobalSection(SolutionProperties) = preSolution
		HideSolutionNode = FALSE
	EndGlobalSection
	GlobalSection(ExtensibilityGlobals) = postSolution
		SolutionGuid = {C50AA2B6-C856-451A-818A-C85955FBB920}
	EndGlobalSection
EndGlobal
