
Microsoft Visual Studio Solution File, Format Version 12.00
# Visual Studio Version 16
VisualStudioVersion = 16.0.31402.337
MinimumVisualStudioVersion = 10.0.40219.1
Project("{F184B08F-C81C-45F6-A57F-5ABD9991F28F}") = "Ejemplo01_12Septiembre", "Ejemplo01_12Septiembre\Ejemplo01_12Septiembre.vbproj", "{277344BE-257F-4235-B746-A6B3D95241EA}"
EndProject
Global
	GlobalSection(SolutionConfigurationPlatforms) = preSolution
		Debug|Any CPU = Debug|Any CPU
		Release|Any CPU = Release|Any CPU
	EndGlobalSection
	GlobalSection(ProjectConfigurationPlatforms) = postSolution
		{277344BE-257F-4235-B746-A6B3D95241EA}.Debug|Any CPU.ActiveCfg = Debug|Any CPU
		{277344BE-257F-4235-B746-A6B3D95241EA}.Debug|Any CPU.Build.0 = Debug|Any CPU
		{277344BE-257F-4235-B746-A6B3D95241EA}.Release|Any CPU.ActiveCfg = Release|Any CPU
		{277344BE-257F-4235-B746-A6B3D95241EA}.Release|Any CPU.Build.0 = Release|Any CPU
	EndGlobalSection
	GlobalSection(SolutionProperties) = preSolution
		HideSolutionNode = FALSE
	EndGlobalSection
	GlobalSection(ExtensibilityGlobals) = postSolution
		SolutionGuid = {0013BBD9-30ED-4F61-ADA8-2F7E8A9974D8}
	EndGlobalSection
EndGlobal
